
Microsoft Visual Studio Solution File, Format Version 12.00
# Visual Studio Version 17
VisualStudioVersion = 17.8.34408.163
MinimumVisualStudioVersion = 10.0.40219.1
Project("{FAE04EC0-301F-11D3-BF4B-00C04F79EFBC}") = "qaralamatask3", "qaralamatask3\qaralamatask3.csproj", "{57241A99-5B48-4D44-B2B7-20D7569EFD9C}"
EndProject
Global
	GlobalSection(SolutionConfigurationPlatforms) = preSolution
		Debug|Any CPU = Debug|Any CPU
		Release|Any CPU = Release|Any CPU
	EndGlobalSection
	GlobalSection(ProjectConfigurationPlatforms) = postSolution
		{57241A99-5B48-4D44-B2B7-20D7569EFD9C}.Debug|Any CPU.ActiveCfg = Debug|Any CPU
		{57241A99-5B48-4D44-B2B7-20D7569EFD9C}.Debug|Any CPU.Build.0 = Debug|Any CPU
		{57241A99-5B48-4D44-B2B7-20D7569EFD9C}.Release|Any CPU.ActiveCfg = Release|Any CPU
		{57241A99-5B48-4D44-B2B7-20D7569EFD9C}.Release|Any CPU.Build.0 = Release|Any CPU
	EndGlobalSection
	GlobalSection(SolutionProperties) = preSolution
		HideSolutionNode = FALSE
	EndGlobalSection
	GlobalSection(ExtensibilityGlobals) = postSolution
		SolutionGuid = {29E09BC7-F0D1-42FC-88C1-DFD10215B003}
	EndGlobalSection
EndGlobal
